<?xml version="1.0" encoding="utf-8"?>
<Project ToolsVersion="15.0" xmlns="http://schemas.microsoft.com/developer/msbuild/2003">
  <ItemGroup>
    <CustomBuild Include="C:\Development\wireshark\CMakeFiles\9977e0a1dc4e3bfac0f880578d54d5f2\README.txt.rule">
      <Filter>CMake Rules</Filter>
    </CustomBuild>
    <CustomBuild Include="C:\Development\wireshark\CMakeFiles\6ba3fa05123b9ab37d449b6da8f9d786\README.txt.rule">
      <Filter>CMake Rules</Filter>
    </CustomBuild>
    <CustomBuild Include="C:\Development\wireshark\CMakeFiles\9977e0a1dc4e3bfac0f880578d54d5f2\README.windows.txt.rule">
      <Filter>CMake Rules</Filter>
    </CustomBuild>
    <CustomBuild Include="C:\Development\wireshark\CMakeFiles\6ba3fa05123b9ab37d449b6da8f9d786\README.windows.txt.rule">
      <Filter>CMake Rules</Filter>
    </CustomBuild>
    <CustomBuild Include="C:\Development\wireshark\CMakeFiles\9977e0a1dc4e3bfac0f880578d54d5f2\NEWS.txt.rule">
      <Filter>CMake Rules</Filter>
    </CustomBuild>
    <CustomBuild Include="C:\Development\wireshark\CMakeFiles\6ba3fa05123b9ab37d449b6da8f9d786\NEWS.txt.rule">
      <Filter>CMake Rules</Filter>
    </CustomBuild>
    <CustomBuild Include="C:\Development\wireshark\CMakeFiles\9977e0a1dc4e3bfac0f880578d54d5f2\COPYING.txt.rule">
      <Filter>CMake Rules</Filter>
    </CustomBuild>
    <CustomBuild Include="C:\Development\wireshark\CMakeFiles\6ba3fa05123b9ab37d449b6da8f9d786\COPYING.txt.rule">
      <Filter>CMake Rules</Filter>
    </CustomBuild>
    <CustomBuild Include="C:\Development\wireshark\CMakeFiles\6ba3fa05123b9ab37d449b6da8f9d786\cfilters.rule">
      <Filter>CMake Rules</Filter>
    </CustomBuild>
    <CustomBuild Include="C:\Development\wireshark\CMakeFiles\6ba3fa05123b9ab37d449b6da8f9d786\colorfilters.rule">
      <Filter>CMake Rules</Filter>
    </CustomBuild>
    <CustomBuild Include="C:\Development\wireshark\CMakeFiles\6ba3fa05123b9ab37d449b6da8f9d786\dfilters.rule">
      <Filter>CMake Rules</Filter>
    </CustomBuild>
    <CustomBuild Include="C:\Development\wireshark\CMakeFiles\6ba3fa05123b9ab37d449b6da8f9d786\enterprises.tsv.rule">
      <Filter>CMake Rules</Filter>
    </CustomBuild>
    <CustomBuild Include="C:\Development\wireshark\CMakeFiles\6ba3fa05123b9ab37d449b6da8f9d786\ipmap.html.rule">
      <Filter>CMake Rules</Filter>
    </CustomBuild>
    <CustomBuild Include="C:\Development\wireshark\CMakeFiles\6ba3fa05123b9ab37d449b6da8f9d786\manuf.rule">
      <Filter>CMake Rules</Filter>
    </CustomBuild>
    <CustomBuild Include="C:\Development\wireshark\CMakeFiles\6ba3fa05123b9ab37d449b6da8f9d786\pdml2html.xsl.rule">
      <Filter>CMake Rules</Filter>
    </CustomBuild>
    <CustomBuild Include="C:\Development\wireshark\CMakeFiles\6ba3fa05123b9ab37d449b6da8f9d786\services.rule">
      <Filter>CMake Rules</Filter>
    </CustomBuild>
    <CustomBuild Include="C:\Development\wireshark\CMakeFiles\6ba3fa05123b9ab37d449b6da8f9d786\smi_modules.rule">
      <Filter>CMake Rules</Filter>
    </CustomBuild>
    <CustomBuild Include="C:\Development\wireshark\CMakeFiles\6ba3fa05123b9ab37d449b6da8f9d786\wka.rule">
      <Filter>CMake Rules</Filter>
    </CustomBuild>
    <CustomBuild Include="C:\Development\wireshark\CMakeFiles\6ba3fa05123b9ab37d449b6da8f9d786\ws.css.rule">
      <Filter>CMake Rules</Filter>
    </CustomBuild>
    <CustomBuild Include="C:\Development\wireshark\CMakeFiles\6ba3fa05123b9ab37d449b6da8f9d786\AUTHORS-SHORT.rule">
      <Filter>CMake Rules</Filter>
    </CustomBuild>
    <CustomBuild Include="C:\Development\wireshark\CMakeFiles\6ba3fa05123b9ab37d449b6da8f9d786\androiddump.html.rule">
      <Filter>CMake Rules</Filter>
    </CustomBuild>
    <CustomBuild Include="C:\Development\wireshark\CMakeFiles\6ba3fa05123b9ab37d449b6da8f9d786\udpdump.html.rule">
      <Filter>CMake Rules</Filter>
    </CustomBuild>
    <CustomBuild Include="C:\Development\wireshark\CMakeFiles\6ba3fa05123b9ab37d449b6da8f9d786\capinfos.html.rule">
      <Filter>CMake Rules</Filter>
    </CustomBuild>
    <CustomBuild Include="C:\Development\wireshark\CMakeFiles\6ba3fa05123b9ab37d449b6da8f9d786\captype.html.rule">
      <Filter>CMake Rules</Filter>
    </CustomBuild>
    <CustomBuild Include="C:\Development\wireshark\CMakeFiles\6ba3fa05123b9ab37d449b6da8f9d786\ciscodump.html.rule">
      <Filter>CMake Rules</Filter>
    </CustomBuild>
    <CustomBuild Include="C:\Development\wireshark\CMakeFiles\6ba3fa05123b9ab37d449b6da8f9d786\dftest.html.rule">
      <Filter>CMake Rules</Filter>
    </CustomBuild>
    <CustomBuild Include="C:\Development\wireshark\CMakeFiles\6ba3fa05123b9ab37d449b6da8f9d786\dumpcap.html.rule">
      <Filter>CMake Rules</Filter>
    </CustomBuild>
    <CustomBuild Include="C:\Development\wireshark\CMakeFiles\6ba3fa05123b9ab37d449b6da8f9d786\editcap.html.rule">
      <Filter>CMake Rules</Filter>
    </CustomBuild>
    <CustomBuild Include="C:\Development\wireshark\CMakeFiles\6ba3fa05123b9ab37d449b6da8f9d786\extcap.html.rule">
      <Filter>CMake Rules</Filter>
    </CustomBuild>
    <CustomBuild Include="C:\Development\wireshark\CMakeFiles\6ba3fa05123b9ab37d449b6da8f9d786\mergecap.html.rule">
      <Filter>CMake Rules</Filter>
    </CustomBuild>
    <CustomBuild Include="C:\Development\wireshark\CMakeFiles\6ba3fa05123b9ab37d449b6da8f9d786\randpkt.html.rule">
      <Filter>CMake Rules</Filter>
    </CustomBuild>
    <CustomBuild Include="C:\Development\wireshark\CMakeFiles\6ba3fa05123b9ab37d449b6da8f9d786\randpktdump.html.rule">
      <Filter>CMake Rules</Filter>
    </CustomBuild>
    <CustomBuild Include="C:\Development\wireshark\CMakeFiles\6ba3fa05123b9ab37d449b6da8f9d786\rawshark.html.rule">
      <Filter>CMake Rules</Filter>
    </CustomBuild>
    <CustomBuild Include="C:\Development\wireshark\CMakeFiles\6ba3fa05123b9ab37d449b6da8f9d786\reordercap.html.rule">
      <Filter>CMake Rules</Filter>
    </CustomBuild>
    <CustomBuild Include="C:\Development\wireshark\CMakeFiles\6ba3fa05123b9ab37d449b6da8f9d786\sshdump.html.rule">
      <Filter>CMake Rules</Filter>
    </CustomBuild>
    <CustomBuild Include="C:\Development\wireshark\CMakeFiles\6ba3fa05123b9ab37d449b6da8f9d786\text2pcap.html.rule">
      <Filter>CMake Rules</Filter>
    </CustomBuild>
    <CustomBuild Include="C:\Development\wireshark\CMakeFiles\6ba3fa05123b9ab37d449b6da8f9d786\tshark.html.rule">
      <Filter>CMake Rules</Filter>
    </CustomBuild>
    <CustomBuild Include="C:\Development\wireshark\CMakeFiles\6ba3fa05123b9ab37d449b6da8f9d786\wireshark.html.rule">
      <Filter>CMake Rules</Filter>
    </CustomBuild>
    <CustomBuild Include="C:\Development\wireshark\CMakeFiles\6ba3fa05123b9ab37d449b6da8f9d786\wireshark-filter.html.rule">
      <Filter>CMake Rules</Filter>
    </CustomBuild>
    <CustomBuild Include="C:\Development\wireshark\CMakeFiles\6ba3fa05123b9ab37d449b6da8f9d786\mmdbresolve.html.rule">
      <Filter>CMake Rules</Filter>
    </CustomBuild>
    <CustomBuild Include="C:\Development\wireshark\CMakeFiles\6ba3fa05123b9ab37d449b6da8f9d786\init.lua.rule">
      <Filter>CMake Rules</Filter>
    </CustomBuild>
    <CustomBuild Include="C:\Development\wireshark\CMakeFiles\6ba3fa05123b9ab37d449b6da8f9d786\console.lua.rule">
      <Filter>CMake Rules</Filter>
    </CustomBuild>
    <CustomBuild Include="C:\Development\wireshark\CMakeFiles\6ba3fa05123b9ab37d449b6da8f9d786\dtd_gen.lua.rule">
      <Filter>CMake Rules</Filter>
    </CustomBuild>
    <CustomBuild Include="C:\Development\wireshark\CMakeFiles\0ae91614a3e22bfce0e7a15279086d90\tpncp.dat.rule">
      <Filter>CMake Rules</Filter>
    </CustomBuild>
    <CustomBuild Include="C:\Development\wireshark\CMakeFiles\8bd51bb4c8603a18a29f1c9bd767dcc3\dictionary.dtd.rule">
      <Filter>CMake Rules</Filter>
    </CustomBuild>
    <CustomBuild Include="C:\Development\wireshark\CMakeFiles\8bd51bb4c8603a18a29f1c9bd767dcc3\dictionary.xml.rule">
      <Filter>CMake Rules</Filter>
    </CustomBuild>
    <CustomBuild Include="C:\Development\wireshark\CMakeFiles\9cce62870aa5cf0001c8514212f0e365\dc.dtd.rule">
      <Filter>CMake Rules</Filter>
    </CustomBuild>
    <CustomBuild Include="C:\Development\wireshark\CMakeFiles\8e520a7ed2945d2de73fa4d34e4b4593\AlcatelLucent.xml.rule">
      <Filter>CMake Rules</Filter>
    </CustomBuild>
    <CustomBuild Include="C:\Development\wireshark\CMakeFiles\8944e641a9b55c429b37c9939e31cf62\README.radius_dictionary.rule">
      <Filter>CMake Rules</Filter>
    </CustomBuild>
    <CustomBuild Include="C:\Development\wireshark\CMakeFiles\aef72bec5ae5b0bd15670b636fba34d1\colorfilters.rule">
      <Filter>CMake Rules</Filter>
    </CustomBuild>
    <CustomBuild Include="C:\Development\wireshark\CMakeFiles\92c48229d5b0bd5cc27ff1ca1656e8dc\copy_data_files.rule">
      <Filter>CMake Rules</Filter>
    </CustomBuild>
    <CustomBuild Include="C:\Development\wireshark\CMakeLists.txt" />
  </ItemGroup>
  <ItemGroup>
    <None Include="C:\Development\wireshark\CMakeFiles\copy_data_files" />
  </ItemGroup>
  <ItemGroup>
    <Filter Include="CMake Rules">
      <UniqueIdentifier>{15AD5180-863D-3736-8DCF-AD1A045E840D}</UniqueIdentifier>
    </Filter>
  </ItemGroup>
</Project>
