<?xml version="1.0" encoding="utf-8"?>
<Project ToolsVersion="15.0" xmlns="http://schemas.microsoft.com/developer/msbuild/2003">
  <ItemGroup>
    <CustomBuild Include="C:\Development\wireshark\CMakeFiles\f06566fa6b89b5e98c73e1bd2e860f77\packet-p772-stamp.rule">
      <Filter>CMake Rules</Filter>
    </CustomBuild>
    <CustomBuild Include="C:\Development\wireshark\CMakeFiles\9e73e2977a4680236c51bf92ca39ab11\generate_dissector-p772.rule">
      <Filter>CMake Rules</Filter>
    </CustomBuild>
    <CustomBuild Include="C:\Development\wireshark\epan\dissectors\asn1\p772\CMakeLists.txt" />
  </ItemGroup>
  <ItemGroup>
    <None Include="C:\Development\wireshark\epan\dissectors\asn1\p772\CMakeFiles\generate_dissector-p772" />
  </ItemGroup>
  <ItemGroup>
    <Filter Include="CMake Rules">
      <UniqueIdentifier>{15AD5180-863D-3736-8DCF-AD1A045E840D}</UniqueIdentifier>
    </Filter>
  </ItemGroup>
</Project>
