<?xml version="1.0" encoding="utf-8"?>
<Project ToolsVersion="15.0" xmlns="http://schemas.microsoft.com/developer/msbuild/2003">
  <ItemGroup>
    <CustomBuild Include="C:\Development\wireshark\CMakeFiles\2c8a3c883a7fc62a30774d91ebb44180\packet-ain-stamp.rule">
      <Filter>CMake Rules</Filter>
    </CustomBuild>
    <CustomBuild Include="C:\Development\wireshark\CMakeFiles\1e567789447bd2ba0c201d3ccc99dfc9\generate_dissector-ain.rule">
      <Filter>CMake Rules</Filter>
    </CustomBuild>
    <CustomBuild Include="C:\Development\wireshark\epan\dissectors\asn1\ain\CMakeLists.txt" />
  </ItemGroup>
  <ItemGroup>
    <None Include="C:\Development\wireshark\epan\dissectors\asn1\ain\CMakeFiles\generate_dissector-ain" />
  </ItemGroup>
  <ItemGroup>
    <Filter Include="CMake Rules">
      <UniqueIdentifier>{15AD5180-863D-3736-8DCF-AD1A045E840D}</UniqueIdentifier>
    </Filter>
  </ItemGroup>
</Project>
