<?xml version="1.0" encoding="utf-8"?>
<Project ToolsVersion="15.0" xmlns="http://schemas.microsoft.com/developer/msbuild/2003">
  <ItemGroup>
    <ClCompile Include="C:\Development\wireshark\caputils\capture_win_ifnames.c">
      <Filter>Source Files</Filter>
    </ClCompile>
    <ClCompile Include="C:\Development\wireshark\caputils\capture-wpcap.c">
      <Filter>Source Files</Filter>
    </ClCompile>
    <ClCompile Include="C:\Development\wireshark\caputils\capture_wpcap_packet.c">
      <Filter>Source Files</Filter>
    </ClCompile>
    <ClCompile Include="C:\Development\wireshark\caputils\capture-pcap-util.c">
      <Filter>Source Files</Filter>
    </ClCompile>
    <ClCompile Include="C:\Development\wireshark\caputils\iface_monitor.c">
      <Filter>Source Files</Filter>
    </ClCompile>
    <ClCompile Include="C:\Development\wireshark\caputils\ws80211_utils.c">
      <Filter>Source Files</Filter>
    </ClCompile>
    <ClCompile Include="C:\Development\wireshark\caputils\airpcap_loader.c">
      <Filter>Source Files</Filter>
    </ClCompile>
  </ItemGroup>
  <ItemGroup>
    <CustomBuild Include="C:\Development\wireshark\caputils\CMakeLists.txt" />
  </ItemGroup>
  <ItemGroup>
    <Filter Include="Source Files">
      <UniqueIdentifier>{32DF5DB2-499A-3971-AE80-FFC1FEF2EED5}</UniqueIdentifier>
    </Filter>
  </ItemGroup>
</Project>
