<?xml version="1.0" encoding="utf-8"?>
<Project ToolsVersion="15.0" xmlns="http://schemas.microsoft.com/developer/msbuild/2003">
  <ItemGroup>
    <CustomBuild Include="C:\Development\wireshark\CMakeFiles\7fad49075d4a40e85738bf684d9030e4\e1ap-exp.cnf.rule">
      <Filter>CMake Rules</Filter>
    </CustomBuild>
    <CustomBuild Include="C:\Development\wireshark\CMakeFiles\8a8f32986b6e01bbc2fe0a7ae779828d\generate-e1ap-exp.cnf.rule">
      <Filter>CMake Rules</Filter>
    </CustomBuild>
    <CustomBuild Include="C:\Development\wireshark\epan\dissectors\asn1\e1ap\CMakeLists.txt" />
  </ItemGroup>
  <ItemGroup>
    <None Include="C:\Development\wireshark\epan\dissectors\asn1\e1ap\CMakeFiles\generate-e1ap-exp.cnf" />
  </ItemGroup>
  <ItemGroup>
    <Filter Include="CMake Rules">
      <UniqueIdentifier>{15AD5180-863D-3736-8DCF-AD1A045E840D}</UniqueIdentifier>
    </Filter>
  </ItemGroup>
</Project>
