<?xml version="1.0" encoding="utf-8"?>
<Project ToolsVersion="15.0" xmlns="http://schemas.microsoft.com/developer/msbuild/2003">
  <ItemGroup>
    <CustomBuild Include="C:\Development\wireshark\CMakeFiles\18c589120e765ea970cbb532cc7d94bc\packet-dcerpc-winreg-stamp.rule">
      <Filter>CMake Rules</Filter>
    </CustomBuild>
    <CustomBuild Include="C:\Development\wireshark\CMakeFiles\61b06eeab89d2b2c220c551c6edade70\generate_dissector-dcerpc-winreg.rule">
      <Filter>CMake Rules</Filter>
    </CustomBuild>
    <CustomBuild Include="C:\Development\wireshark\epan\dissectors\pidl\CMakeLists.txt" />
  </ItemGroup>
  <ItemGroup>
    <None Include="C:\Development\wireshark\epan\dissectors\pidl\CMakeFiles\generate_dissector-dcerpc-winreg" />
  </ItemGroup>
  <ItemGroup>
    <Filter Include="CMake Rules">
      <UniqueIdentifier>{15AD5180-863D-3736-8DCF-AD1A045E840D}</UniqueIdentifier>
    </Filter>
  </ItemGroup>
</Project>
