<?xml version="1.0" encoding="utf-8"?>
<Project ToolsVersion="15.0" xmlns="http://schemas.microsoft.com/developer/msbuild/2003">
  <ItemGroup>
    <ClCompile Include="C:\Development\wireshark\wiretap\5views.c">
      <Filter>Source Files</Filter>
    </ClCompile>
    <ClCompile Include="C:\Development\wireshark\wiretap\aethra.c">
      <Filter>Source Files</Filter>
    </ClCompile>
    <ClCompile Include="C:\Development\wireshark\wiretap\ascendtext.c">
      <Filter>Source Files</Filter>
    </ClCompile>
    <ClCompile Include="C:\Development\wireshark\wiretap\atm.c">
      <Filter>Source Files</Filter>
    </ClCompile>
    <ClCompile Include="C:\Development\wireshark\wiretap\ber.c">
      <Filter>Source Files</Filter>
    </ClCompile>
    <ClCompile Include="C:\Development\wireshark\wiretap\btsnoop.c">
      <Filter>Source Files</Filter>
    </ClCompile>
    <ClCompile Include="C:\Development\wireshark\wiretap\camins.c">
      <Filter>Source Files</Filter>
    </ClCompile>
    <ClCompile Include="C:\Development\wireshark\wiretap\capsa.c">
      <Filter>Source Files</Filter>
    </ClCompile>
    <ClCompile Include="C:\Development\wireshark\wiretap\catapult_dct2000.c">
      <Filter>Source Files</Filter>
    </ClCompile>
    <ClCompile Include="C:\Development\wireshark\wiretap\commview.c">
      <Filter>Source Files</Filter>
    </ClCompile>
    <ClCompile Include="C:\Development\wireshark\wiretap\cosine.c">
      <Filter>Source Files</Filter>
    </ClCompile>
    <ClCompile Include="C:\Development\wireshark\wiretap\csids.c">
      <Filter>Source Files</Filter>
    </ClCompile>
    <ClCompile Include="C:\Development\wireshark\wiretap\daintree-sna.c">
      <Filter>Source Files</Filter>
    </ClCompile>
    <ClCompile Include="C:\Development\wireshark\wiretap\dbs-etherwatch.c">
      <Filter>Source Files</Filter>
    </ClCompile>
    <ClCompile Include="C:\Development\wireshark\wiretap\dpa400.c">
      <Filter>Source Files</Filter>
    </ClCompile>
    <ClCompile Include="C:\Development\wireshark\wiretap\dct3trace.c">
      <Filter>Source Files</Filter>
    </ClCompile>
    <ClCompile Include="C:\Development\wireshark\wiretap\erf.c">
      <Filter>Source Files</Filter>
    </ClCompile>
    <ClCompile Include="C:\Development\wireshark\wiretap\eyesdn.c">
      <Filter>Source Files</Filter>
    </ClCompile>
    <ClCompile Include="C:\Development\wireshark\wiretap\file_access.c">
      <Filter>Source Files</Filter>
    </ClCompile>
    <ClCompile Include="C:\Development\wireshark\wiretap\file_wrappers.c">
      <Filter>Source Files</Filter>
    </ClCompile>
    <ClCompile Include="C:\Development\wireshark\wiretap\hcidump.c">
      <Filter>Source Files</Filter>
    </ClCompile>
    <ClCompile Include="C:\Development\wireshark\wiretap\i4btrace.c">
      <Filter>Source Files</Filter>
    </ClCompile>
    <ClCompile Include="C:\Development\wireshark\wiretap\ipfix.c">
      <Filter>Source Files</Filter>
    </ClCompile>
    <ClCompile Include="C:\Development\wireshark\wiretap\iptrace.c">
      <Filter>Source Files</Filter>
    </ClCompile>
    <ClCompile Include="C:\Development\wireshark\wiretap\iseries.c">
      <Filter>Source Files</Filter>
    </ClCompile>
    <ClCompile Include="C:\Development\wireshark\wiretap\json.c">
      <Filter>Source Files</Filter>
    </ClCompile>
    <ClCompile Include="C:\Development\wireshark\wiretap\k12.c">
      <Filter>Source Files</Filter>
    </ClCompile>
    <ClCompile Include="C:\Development\wireshark\wiretap\lanalyzer.c">
      <Filter>Source Files</Filter>
    </ClCompile>
    <ClCompile Include="C:\Development\wireshark\wiretap\libpcap.c">
      <Filter>Source Files</Filter>
    </ClCompile>
    <ClCompile Include="C:\Development\wireshark\wiretap\logcat.c">
      <Filter>Source Files</Filter>
    </ClCompile>
    <ClCompile Include="C:\Development\wireshark\wiretap\logcat_text.c">
      <Filter>Source Files</Filter>
    </ClCompile>
    <ClCompile Include="C:\Development\wireshark\wiretap\merge.c">
      <Filter>Source Files</Filter>
    </ClCompile>
    <ClCompile Include="C:\Development\wireshark\wiretap\mpeg.c">
      <Filter>Source Files</Filter>
    </ClCompile>
    <ClCompile Include="C:\Development\wireshark\wiretap\mplog.c">
      <Filter>Source Files</Filter>
    </ClCompile>
    <ClCompile Include="C:\Development\wireshark\wiretap\mime_file.c">
      <Filter>Source Files</Filter>
    </ClCompile>
    <ClCompile Include="C:\Development\wireshark\wiretap\mp2t.c">
      <Filter>Source Files</Filter>
    </ClCompile>
    <ClCompile Include="C:\Development\wireshark\wiretap\netmon.c">
      <Filter>Source Files</Filter>
    </ClCompile>
    <ClCompile Include="C:\Development\wireshark\wiretap\netscaler.c">
      <Filter>Source Files</Filter>
    </ClCompile>
    <ClCompile Include="C:\Development\wireshark\wiretap\netscreen.c">
      <Filter>Source Files</Filter>
    </ClCompile>
    <ClCompile Include="C:\Development\wireshark\wiretap\nettl.c">
      <Filter>Source Files</Filter>
    </ClCompile>
    <ClCompile Include="C:\Development\wireshark\wiretap\nettrace_3gpp_32_423.c">
      <Filter>Source Files</Filter>
    </ClCompile>
    <ClCompile Include="C:\Development\wireshark\wiretap\network_instruments.c">
      <Filter>Source Files</Filter>
    </ClCompile>
    <ClCompile Include="C:\Development\wireshark\wiretap\netxray.c">
      <Filter>Source Files</Filter>
    </ClCompile>
    <ClCompile Include="C:\Development\wireshark\wiretap\ngsniffer.c">
      <Filter>Source Files</Filter>
    </ClCompile>
    <ClCompile Include="C:\Development\wireshark\wiretap\packetlogger.c">
      <Filter>Source Files</Filter>
    </ClCompile>
    <ClCompile Include="C:\Development\wireshark\wiretap\pcap-common.c">
      <Filter>Source Files</Filter>
    </ClCompile>
    <ClCompile Include="C:\Development\wireshark\wiretap\pcapng.c">
      <Filter>Source Files</Filter>
    </ClCompile>
    <ClCompile Include="C:\Development\wireshark\wiretap\peekclassic.c">
      <Filter>Source Files</Filter>
    </ClCompile>
    <ClCompile Include="C:\Development\wireshark\wiretap\peektagged.c">
      <Filter>Source Files</Filter>
    </ClCompile>
    <ClCompile Include="C:\Development\wireshark\wiretap\rfc7468.c">
      <Filter>Source Files</Filter>
    </ClCompile>
    <ClCompile Include="C:\Development\wireshark\wiretap\pppdump.c">
      <Filter>Source Files</Filter>
    </ClCompile>
    <ClCompile Include="C:\Development\wireshark\wiretap\radcom.c">
      <Filter>Source Files</Filter>
    </ClCompile>
    <ClCompile Include="C:\Development\wireshark\wiretap\ruby_marshal.c">
      <Filter>Source Files</Filter>
    </ClCompile>
    <ClCompile Include="C:\Development\wireshark\wiretap\snoop.c">
      <Filter>Source Files</Filter>
    </ClCompile>
    <ClCompile Include="C:\Development\wireshark\wiretap\stanag4607.c">
      <Filter>Source Files</Filter>
    </ClCompile>
    <ClCompile Include="C:\Development\wireshark\wiretap\systemd_journal.c">
      <Filter>Source Files</Filter>
    </ClCompile>
    <ClCompile Include="C:\Development\wireshark\wiretap\tnef.c">
      <Filter>Source Files</Filter>
    </ClCompile>
    <ClCompile Include="C:\Development\wireshark\wiretap\toshiba.c">
      <Filter>Source Files</Filter>
    </ClCompile>
    <ClCompile Include="C:\Development\wireshark\wiretap\visual.c">
      <Filter>Source Files</Filter>
    </ClCompile>
    <ClCompile Include="C:\Development\wireshark\wiretap\vms.c">
      <Filter>Source Files</Filter>
    </ClCompile>
    <ClCompile Include="C:\Development\wireshark\wiretap\vwr.c">
      <Filter>Source Files</Filter>
    </ClCompile>
    <ClCompile Include="C:\Development\wireshark\wiretap\wtap.c">
      <Filter>Source Files</Filter>
    </ClCompile>
    <ClCompile Include="C:\Development\wireshark\wiretap\wtap_opttypes.c">
      <Filter>Source Files</Filter>
    </ClCompile>
    <ClCompile Include="C:\Development\wireshark\wiretap\ascend_scanner.c">
      <Filter>Source Files</Filter>
    </ClCompile>
    <ClCompile Include="C:\Development\wireshark\wiretap\k12text.c">
      <Filter>Source Files</Filter>
    </ClCompile>
    <ClCompile Include="C:\Development\wireshark\wiretap\ascend.c">
      <Filter>Source Files</Filter>
    </ClCompile>
  </ItemGroup>
  <ItemGroup>
    <CustomBuild Include="C:\Development\wireshark\CMakeFiles\43385f9971ae0e325b8600ef727967b4\ascend_scanner.c.rule">
      <Filter>CMake Rules</Filter>
    </CustomBuild>
    <CustomBuild Include="C:\Development\wireshark\CMakeFiles\43385f9971ae0e325b8600ef727967b4\k12text.c.rule">
      <Filter>CMake Rules</Filter>
    </CustomBuild>
    <CustomBuild Include="C:\Development\wireshark\CMakeFiles\43385f9971ae0e325b8600ef727967b4\ascend.c.rule">
      <Filter>CMake Rules</Filter>
    </CustomBuild>
    <CustomBuild Include="C:\Development\wireshark\wiretap\CMakeLists.txt" />
  </ItemGroup>
  <ItemGroup>
    <ResourceCompile Include="C:\Development\wireshark\image\wiretap.rc">
      <Filter>Source Files</Filter>
    </ResourceCompile>
  </ItemGroup>
  <ItemGroup>
    <Filter Include="CMake Rules">
      <UniqueIdentifier>{15AD5180-863D-3736-8DCF-AD1A045E840D}</UniqueIdentifier>
    </Filter>
    <Filter Include="Source Files">
      <UniqueIdentifier>{32DF5DB2-499A-3971-AE80-FFC1FEF2EED5}</UniqueIdentifier>
    </Filter>
  </ItemGroup>
</Project>
