<?xml version="1.0" encoding="utf-8"?>
<Project ToolsVersion="15.0" xmlns="http://schemas.microsoft.com/developer/msbuild/2003">
  <ItemGroup>
    <ClCompile Include="C:\Development\wireshark\ui\alert_box.c">
      <Filter>Source Files</Filter>
    </ClCompile>
    <ClCompile Include="C:\Development\wireshark\ui\capture.c">
      <Filter>Source Files</Filter>
    </ClCompile>
    <ClCompile Include="C:\Development\wireshark\ui\capture_ui_utils.c">
      <Filter>Source Files</Filter>
    </ClCompile>
    <ClCompile Include="C:\Development\wireshark\ui\clopts_common.c">
      <Filter>Source Files</Filter>
    </ClCompile>
    <ClCompile Include="C:\Development\wireshark\ui\cmdarg_err.c">
      <Filter>Source Files</Filter>
    </ClCompile>
    <ClCompile Include="C:\Development\wireshark\ui\commandline.c">
      <Filter>Source Files</Filter>
    </ClCompile>
    <ClCompile Include="C:\Development\wireshark\ui\console.c">
      <Filter>Source Files</Filter>
    </ClCompile>
    <ClCompile Include="C:\Development\wireshark\ui\decode_as_utils.c">
      <Filter>Source Files</Filter>
    </ClCompile>
    <ClCompile Include="C:\Development\wireshark\ui\dissect_opts.c">
      <Filter>Source Files</Filter>
    </ClCompile>
    <ClCompile Include="C:\Development\wireshark\ui\export_object_ui.c">
      <Filter>Source Files</Filter>
    </ClCompile>
    <ClCompile Include="C:\Development\wireshark\ui\export_pdu_ui_utils.c">
      <Filter>Source Files</Filter>
    </ClCompile>
    <ClCompile Include="C:\Development\wireshark\ui\help_url.c">
      <Filter>Source Files</Filter>
    </ClCompile>
    <ClCompile Include="C:\Development\wireshark\ui\failure_message.c">
      <Filter>Source Files</Filter>
    </ClCompile>
    <ClCompile Include="C:\Development\wireshark\ui\file_dialog.c">
      <Filter>Source Files</Filter>
    </ClCompile>
    <ClCompile Include="C:\Development\wireshark\ui\filter_files.c">
      <Filter>Source Files</Filter>
    </ClCompile>
    <ClCompile Include="C:\Development\wireshark\ui\firewall_rules.c">
      <Filter>Source Files</Filter>
    </ClCompile>
    <ClCompile Include="C:\Development\wireshark\ui\iface_toolbar.c">
      <Filter>Source Files</Filter>
    </ClCompile>
    <ClCompile Include="C:\Development\wireshark\ui\iface_lists.c">
      <Filter>Source Files</Filter>
    </ClCompile>
    <ClCompile Include="C:\Development\wireshark\ui\io_graph_item.c">
      <Filter>Source Files</Filter>
    </ClCompile>
    <ClCompile Include="C:\Development\wireshark\ui\language.c">
      <Filter>Source Files</Filter>
    </ClCompile>
    <ClCompile Include="C:\Development\wireshark\ui\mcast_stream.c">
      <Filter>Source Files</Filter>
    </ClCompile>
    <ClCompile Include="C:\Development\wireshark\ui\packet_list_utils.c">
      <Filter>Source Files</Filter>
    </ClCompile>
    <ClCompile Include="C:\Development\wireshark\ui\packet_range.c">
      <Filter>Source Files</Filter>
    </ClCompile>
    <ClCompile Include="C:\Development\wireshark\ui\persfilepath_opt.c">
      <Filter>Source Files</Filter>
    </ClCompile>
    <ClCompile Include="C:\Development\wireshark\ui\preference_utils.c">
      <Filter>Source Files</Filter>
    </ClCompile>
    <ClCompile Include="C:\Development\wireshark\ui\profile.c">
      <Filter>Source Files</Filter>
    </ClCompile>
    <ClCompile Include="C:\Development\wireshark\ui\proto_hier_stats.c">
      <Filter>Source Files</Filter>
    </ClCompile>
    <ClCompile Include="C:\Development\wireshark\ui\recent.c">
      <Filter>Source Files</Filter>
    </ClCompile>
    <ClCompile Include="C:\Development\wireshark\ui\rtp_media.c">
      <Filter>Source Files</Filter>
    </ClCompile>
    <ClCompile Include="C:\Development\wireshark\ui\rtp_stream.c">
      <Filter>Source Files</Filter>
    </ClCompile>
    <ClCompile Include="C:\Development\wireshark\ui\rtp_stream_id.c">
      <Filter>Source Files</Filter>
    </ClCompile>
    <ClCompile Include="C:\Development\wireshark\ui\service_response_time.c">
      <Filter>Source Files</Filter>
    </ClCompile>
    <ClCompile Include="C:\Development\wireshark\ui\software_update.c">
      <Filter>Source Files</Filter>
    </ClCompile>
    <ClCompile Include="C:\Development\wireshark\ui\ssl_key_export.c">
      <Filter>Source Files</Filter>
    </ClCompile>
    <ClCompile Include="C:\Development\wireshark\ui\summary.c">
      <Filter>Source Files</Filter>
    </ClCompile>
    <ClCompile Include="C:\Development\wireshark\ui\tap_export_pdu.c">
      <Filter>Source Files</Filter>
    </ClCompile>
    <ClCompile Include="C:\Development\wireshark\ui\tap-iax2-analysis.c">
      <Filter>Source Files</Filter>
    </ClCompile>
    <ClCompile Include="C:\Development\wireshark\ui\tap-rtp-analysis.c">
      <Filter>Source Files</Filter>
    </ClCompile>
    <ClCompile Include="C:\Development\wireshark\ui\tap-rtp-common.c">
      <Filter>Source Files</Filter>
    </ClCompile>
    <ClCompile Include="C:\Development\wireshark\ui\tap-sctp-analysis.c">
      <Filter>Source Files</Filter>
    </ClCompile>
    <ClCompile Include="C:\Development\wireshark\ui\tap-rlc-graph.c">
      <Filter>Source Files</Filter>
    </ClCompile>
    <ClCompile Include="C:\Development\wireshark\ui\tap-tcp-stream.c">
      <Filter>Source Files</Filter>
    </ClCompile>
    <ClCompile Include="C:\Development\wireshark\ui\text_import.c">
      <Filter>Source Files</Filter>
    </ClCompile>
    <ClCompile Include="C:\Development\wireshark\ui\time_shift.c">
      <Filter>Source Files</Filter>
    </ClCompile>
    <ClCompile Include="C:\Development\wireshark\ui\traffic_table_ui.c">
      <Filter>Source Files</Filter>
    </ClCompile>
    <ClCompile Include="C:\Development\wireshark\ui\util.c">
      <Filter>Source Files</Filter>
    </ClCompile>
    <ClCompile Include="C:\Development\wireshark\ui\voip_calls.c">
      <Filter>Source Files</Filter>
    </ClCompile>
    <ClCompile Include="C:\Development\wireshark\ui\text_import_scanner.c">
      <Filter>Source Files</Filter>
    </ClCompile>
  </ItemGroup>
  <ItemGroup>
    <CustomBuild Include="C:\Development\wireshark\CMakeFiles\a5c6b907b862bd396fdac7364077c1c9\text_import_scanner.c.rule">
      <Filter>CMake Rules</Filter>
    </CustomBuild>
    <CustomBuild Include="C:\Development\wireshark\ui\CMakeLists.txt" />
  </ItemGroup>
  <ItemGroup>
    <Filter Include="CMake Rules">
      <UniqueIdentifier>{15AD5180-863D-3736-8DCF-AD1A045E840D}</UniqueIdentifier>
    </Filter>
    <Filter Include="Source Files">
      <UniqueIdentifier>{32DF5DB2-499A-3971-AE80-FFC1FEF2EED5}</UniqueIdentifier>
    </Filter>
  </ItemGroup>
</Project>
