Microsoft Visual Studio Solution File, Format Version 12.00
# Visual Studio 15
Project("{2150E333-8FDC-42A3-9474-1A3956D46DE8}") = "CMakePredefinedTargets", "CMakePredefinedTargets", "{7F8BF8ED-B30A-35AC-A26D-6AB1CAB34A84}"
EndProject
Project("{2150E333-8FDC-42A3-9474-1A3956D46DE8}") = "Libs", "Libs", "{EFC392C7-E5F5-3F5F-9C61-F369B8F37E62}"
EndProject
Project("{2150E333-8FDC-42A3-9474-1A3956D46DE8}") = "zlib", "Libs\zlib", "{139661CE-FC56-3022-BD7B-13FE751C7CFF}"
EndProject
Project("{8BC9CEB8-8B4A-11D0-8D11-00A0C91BC942}") = "ALL_BUILD", "ALL_BUILD.vcxproj", "{B45929F3-EB83-3C5F-AB14-6F490113467F}"
	ProjectSection(ProjectDependencies) = postProject
		{B765B3E1-9AF0-39DF-BCC2-760F120CAE35} = {B765B3E1-9AF0-39DF-BCC2-760F120CAE35}
		{EE98E178-27DC-3B9E-8F8A-FE068B6C1E74} = {EE98E178-27DC-3B9E-8F8A-FE068B6C1E74}
	EndProjectSection
EndProject
Project("{8BC9CEB8-8B4A-11D0-8D11-00A0C91BC942}") = "INSTALL", "INSTALL.vcxproj", "{B67EFF88-ADDC-3AF3-A557-E6B68DFE7E3D}"
	ProjectSection(ProjectDependencies) = postProject
		{B45929F3-EB83-3C5F-AB14-6F490113467F} = {B45929F3-EB83-3C5F-AB14-6F490113467F}
		{B765B3E1-9AF0-39DF-BCC2-760F120CAE35} = {B765B3E1-9AF0-39DF-BCC2-760F120CAE35}
	EndProjectSection
EndProject
Project("{8BC9CEB8-8B4A-11D0-8D11-00A0C91BC942}") = "RUN_TESTS", "RUN_TESTS.vcxproj", "{8C760BE3-3D17-3FB2-A5A2-7292F734EC77}"
	ProjectSection(ProjectDependencies) = postProject
		{B765B3E1-9AF0-39DF-BCC2-760F120CAE35} = {B765B3E1-9AF0-39DF-BCC2-760F120CAE35}
	EndProjectSection
EndProject
Project("{8BC9CEB8-8B4A-11D0-8D11-00A0C91BC942}") = "ZERO_CHECK", "..\\ZERO_CHECK.vcxproj", "{B765B3E1-9AF0-39DF-BCC2-760F120CAE35}"
	ProjectSection(ProjectDependencies) = postProject
	EndProjectSection
EndProject
Project("{8BC9CEB8-8B4A-11D0-8D11-00A0C91BC942}") = "zlib", "zlib.vcxproj", "{EE98E178-27DC-3B9E-8F8A-FE068B6C1E74}"
	ProjectSection(ProjectDependencies) = postProject
		{B765B3E1-9AF0-39DF-BCC2-760F120CAE35} = {B765B3E1-9AF0-39DF-BCC2-760F120CAE35}
	EndProjectSection
EndProject
Project("{8BC9CEB8-8B4A-11D0-8D11-00A0C91BC942}") = "zlibstatic", "zlibstatic.vcxproj", "{FC2C2ACB-429A-3C1E-9569-95A10A94D714}"
	ProjectSection(ProjectDependencies) = postProject
		{B765B3E1-9AF0-39DF-BCC2-760F120CAE35} = {B765B3E1-9AF0-39DF-BCC2-760F120CAE35}
	EndProjectSection
EndProject
Global
	GlobalSection(SolutionConfigurationPlatforms) = preSolution
		Debug|Win32 = Debug|Win32
		Release|Win32 = Release|Win32
		MinSizeRel|Win32 = MinSizeRel|Win32
		RelWithDebInfo|Win32 = RelWithDebInfo|Win32
	EndGlobalSection
	GlobalSection(ProjectConfigurationPlatforms) = postSolution
		{B45929F3-EB83-3C5F-AB14-6F490113467F}.Debug|Win32.ActiveCfg = Debug|Win32
		{B45929F3-EB83-3C5F-AB14-6F490113467F}.Debug|Win32.Build.0 = Debug|Win32
		{B45929F3-EB83-3C5F-AB14-6F490113467F}.Release|Win32.ActiveCfg = Release|Win32
		{B45929F3-EB83-3C5F-AB14-6F490113467F}.Release|Win32.Build.0 = Release|Win32
		{B45929F3-EB83-3C5F-AB14-6F490113467F}.MinSizeRel|Win32.ActiveCfg = MinSizeRel|Win32
		{B45929F3-EB83-3C5F-AB14-6F490113467F}.MinSizeRel|Win32.Build.0 = MinSizeRel|Win32
		{B45929F3-EB83-3C5F-AB14-6F490113467F}.RelWithDebInfo|Win32.ActiveCfg = RelWithDebInfo|Win32
		{B45929F3-EB83-3C5F-AB14-6F490113467F}.RelWithDebInfo|Win32.Build.0 = RelWithDebInfo|Win32
		{B67EFF88-ADDC-3AF3-A557-E6B68DFE7E3D}.Debug|Win32.ActiveCfg = Debug|Win32
		{B67EFF88-ADDC-3AF3-A557-E6B68DFE7E3D}.Release|Win32.ActiveCfg = Release|Win32
		{B67EFF88-ADDC-3AF3-A557-E6B68DFE7E3D}.MinSizeRel|Win32.ActiveCfg = MinSizeRel|Win32
		{B67EFF88-ADDC-3AF3-A557-E6B68DFE7E3D}.RelWithDebInfo|Win32.ActiveCfg = RelWithDebInfo|Win32
		{8C760BE3-3D17-3FB2-A5A2-7292F734EC77}.Debug|Win32.ActiveCfg = Debug|Win32
		{8C760BE3-3D17-3FB2-A5A2-7292F734EC77}.Release|Win32.ActiveCfg = Release|Win32
		{8C760BE3-3D17-3FB2-A5A2-7292F734EC77}.MinSizeRel|Win32.ActiveCfg = MinSizeRel|Win32
		{8C760BE3-3D17-3FB2-A5A2-7292F734EC77}.RelWithDebInfo|Win32.ActiveCfg = RelWithDebInfo|Win32
		{B765B3E1-9AF0-39DF-BCC2-760F120CAE35}.Debug|Win32.ActiveCfg = Debug|Win32
		{B765B3E1-9AF0-39DF-BCC2-760F120CAE35}.Debug|Win32.Build.0 = Debug|Win32
		{B765B3E1-9AF0-39DF-BCC2-760F120CAE35}.Release|Win32.ActiveCfg = Release|Win32
		{B765B3E1-9AF0-39DF-BCC2-760F120CAE35}.Release|Win32.Build.0 = Release|Win32
		{B765B3E1-9AF0-39DF-BCC2-760F120CAE35}.MinSizeRel|Win32.ActiveCfg = MinSizeRel|Win32
		{B765B3E1-9AF0-39DF-BCC2-760F120CAE35}.MinSizeRel|Win32.Build.0 = MinSizeRel|Win32
		{B765B3E1-9AF0-39DF-BCC2-760F120CAE35}.RelWithDebInfo|Win32.ActiveCfg = RelWithDebInfo|Win32
		{B765B3E1-9AF0-39DF-BCC2-760F120CAE35}.RelWithDebInfo|Win32.Build.0 = RelWithDebInfo|Win32
		{EE98E178-27DC-3B9E-8F8A-FE068B6C1E74}.Debug|Win32.ActiveCfg = Debug|Win32
		{EE98E178-27DC-3B9E-8F8A-FE068B6C1E74}.Debug|Win32.Build.0 = Debug|Win32
		{EE98E178-27DC-3B9E-8F8A-FE068B6C1E74}.Release|Win32.ActiveCfg = Release|Win32
		{EE98E178-27DC-3B9E-8F8A-FE068B6C1E74}.Release|Win32.Build.0 = Release|Win32
		{EE98E178-27DC-3B9E-8F8A-FE068B6C1E74}.MinSizeRel|Win32.ActiveCfg = MinSizeRel|Win32
		{EE98E178-27DC-3B9E-8F8A-FE068B6C1E74}.MinSizeRel|Win32.Build.0 = MinSizeRel|Win32
		{EE98E178-27DC-3B9E-8F8A-FE068B6C1E74}.RelWithDebInfo|Win32.ActiveCfg = RelWithDebInfo|Win32
		{EE98E178-27DC-3B9E-8F8A-FE068B6C1E74}.RelWithDebInfo|Win32.Build.0 = RelWithDebInfo|Win32
		{FC2C2ACB-429A-3C1E-9569-95A10A94D714}.Debug|Win32.ActiveCfg = Debug|Win32
		{FC2C2ACB-429A-3C1E-9569-95A10A94D714}.Release|Win32.ActiveCfg = Release|Win32
		{FC2C2ACB-429A-3C1E-9569-95A10A94D714}.MinSizeRel|Win32.ActiveCfg = MinSizeRel|Win32
		{FC2C2ACB-429A-3C1E-9569-95A10A94D714}.RelWithDebInfo|Win32.ActiveCfg = RelWithDebInfo|Win32
	EndGlobalSection
	GlobalSection(NestedProjects) = preSolution
		{B45929F3-EB83-3C5F-AB14-6F490113467F} = {7F8BF8ED-B30A-35AC-A26D-6AB1CAB34A84}
		{B67EFF88-ADDC-3AF3-A557-E6B68DFE7E3D} = {7F8BF8ED-B30A-35AC-A26D-6AB1CAB34A84}
		{8C760BE3-3D17-3FB2-A5A2-7292F734EC77} = {7F8BF8ED-B30A-35AC-A26D-6AB1CAB34A84}
		{B765B3E1-9AF0-39DF-BCC2-760F120CAE35} = {7F8BF8ED-B30A-35AC-A26D-6AB1CAB34A84}
		{139661CE-FC56-3022-BD7B-13FE751C7CFF} = {EFC392C7-E5F5-3F5F-9C61-F369B8F37E62}
		{EE98E178-27DC-3B9E-8F8A-FE068B6C1E74} = {139661CE-FC56-3022-BD7B-13FE751C7CFF}
		{FC2C2ACB-429A-3C1E-9569-95A10A94D714} = {139661CE-FC56-3022-BD7B-13FE751C7CFF}
	EndGlobalSection
	GlobalSection(ExtensibilityGlobals) = postSolution
		SolutionGuid = {17ADD045-2D90-3B58-8A5F-9A280C1CCED5}
	EndGlobalSection
	GlobalSection(ExtensibilityAddIns) = postSolution
	EndGlobalSection
EndGlobal
